
Microsoft Visual Studio Solution File, Format Version 12.00
# Visual Studio Version 17
VisualStudioVersion = 17.0.32126.317
MinimumVisualStudioVersion = 10.0.40219.1
Project("{FAE04EC0-301F-11D3-BF4B-00C04F79EFBC}") = "rojan1", "rojan1\rojan1.csproj", "{3D378DB2-BC3E-4FE1-B7F5-48B6C4826360}"
EndProject
Global
	GlobalSection(SolutionConfigurationPlatforms) = preSolution
		Debug|Any CPU = Debug|Any CPU
		Release|Any CPU = Release|Any CPU
	EndGlobalSection
	GlobalSection(ProjectConfigurationPlatforms) = postSolution
		{3D378DB2-BC3E-4FE1-B7F5-48B6C4826360}.Debug|Any CPU.ActiveCfg = Debug|Any CPU
		{3D378DB2-BC3E-4FE1-B7F5-48B6C4826360}.Debug|Any CPU.Build.0 = Debug|Any CPU
		{3D378DB2-BC3E-4FE1-B7F5-48B6C4826360}.Release|Any CPU.ActiveCfg = Release|Any CPU
		{3D378DB2-BC3E-4FE1-B7F5-48B6C4826360}.Release|Any CPU.Build.0 = Release|Any CPU
	EndGlobalSection
	GlobalSection(SolutionProperties) = preSolution
		HideSolutionNode = FALSE
	EndGlobalSection
	GlobalSection(ExtensibilityGlobals) = postSolution
		SolutionGuid = {852A4B78-4538-43AE-97BF-1E36915ED9A0}
	EndGlobalSection
EndGlobal
